
Microsoft Visual Studio Solution File, Format Version 12.00
# Visual Studio Version 16
VisualStudioVersion = 16.0.31205.134
MinimumVisualStudioVersion = 10.0.40219.1
Project("{FAE04EC0-301F-11D3-BF4B-00C04F79EFBC}") = "project2", "project2\project2.csproj", "{76AACF9E-6F3C-4B1C-96E9-71E506DD1B31}"
EndProject
Global
	GlobalSection(SolutionConfigurationPlatforms) = preSolution
		Debug|Any CPU = Debug|Any CPU
		Release|Any CPU = Release|Any CPU
	EndGlobalSection
	GlobalSection(ProjectConfigurationPlatforms) = postSolution
		{76AACF9E-6F3C-4B1C-96E9-71E506DD1B31}.Debug|Any CPU.ActiveCfg = Debug|Any CPU
		{76AACF9E-6F3C-4B1C-96E9-71E506DD1B31}.Debug|Any CPU.Build.0 = Debug|Any CPU
		{76AACF9E-6F3C-4B1C-96E9-71E506DD1B31}.Release|Any CPU.ActiveCfg = Release|Any CPU
		{76AACF9E-6F3C-4B1C-96E9-71E506DD1B31}.Release|Any CPU.Build.0 = Release|Any CPU
	EndGlobalSection
	GlobalSection(SolutionProperties) = preSolution
		HideSolutionNode = FALSE
	EndGlobalSection
	GlobalSection(ExtensibilityGlobals) = postSolution
		SolutionGuid = {E1167D39-C3FC-4B3B-A986-A8F0F0FE12B4}
	EndGlobalSection
EndGlobal
